
Microsoft Visual Studio Solution File, Format Version 12.00
# Visual Studio 15
VisualStudioVersion = 15.0.34112.143
MinimumVisualStudioVersion = 10.0.40219.1
Project("{FAE04EC0-301F-11D3-BF4B-00C04F79EFBC}") = "CollegeManagementSystem", "CollegeManagementSystem\CollegeManagementSystem.csproj", "{28FD3599-CB30-4D8E-98AC-6511B6F26021}"
EndProject
Project("{2150E333-8FDC-42A3-9474-1A3956D46DE8}") = "Solution Items", "Solution Items", "{2D03FEF2-339D-4400-818A-5C7007DF5F8A}"
	ProjectSection(SolutionItems) = preProject
		README.txt = README.txt
	EndProjectSection
EndProject
Project("{00D1A9C2-B5F0-4AF3-8072-F6C62B433612}") = "CollegeDBE", "..\..\..\Desktop\College-Management-System\CollegeDBE\CollegeDBE.sqlproj", "{F35B0378-BA7C-4BA2-97D7-B25EF119B316}"
EndProject
Global
	GlobalSection(SolutionConfigurationPlatforms) = preSolution
		Debug|Any CPU = Debug|Any CPU
		Release|Any CPU = Release|Any CPU
	EndGlobalSection
	GlobalSection(ProjectConfigurationPlatforms) = postSolution
		{28FD3599-CB30-4D8E-98AC-6511B6F26021}.Debug|Any CPU.ActiveCfg = Debug|x64
		{28FD3599-CB30-4D8E-98AC-6511B6F26021}.Debug|Any CPU.Build.0 = Debug|x64
		{28FD3599-CB30-4D8E-98AC-6511B6F26021}.Release|Any CPU.ActiveCfg = Release|Any CPU
		{28FD3599-CB30-4D8E-98AC-6511B6F26021}.Release|Any CPU.Build.0 = Release|Any CPU
		{F35B0378-BA7C-4BA2-97D7-B25EF119B316}.Debug|Any CPU.ActiveCfg = Debug|Any CPU
		{F35B0378-BA7C-4BA2-97D7-B25EF119B316}.Debug|Any CPU.Build.0 = Debug|Any CPU
		{F35B0378-BA7C-4BA2-97D7-B25EF119B316}.Debug|Any CPU.Deploy.0 = Debug|Any CPU
		{F35B0378-BA7C-4BA2-97D7-B25EF119B316}.Release|Any CPU.ActiveCfg = Release|Any CPU
		{F35B0378-BA7C-4BA2-97D7-B25EF119B316}.Release|Any CPU.Build.0 = Release|Any CPU
		{F35B0378-BA7C-4BA2-97D7-B25EF119B316}.Release|Any CPU.Deploy.0 = Release|Any CPU
	EndGlobalSection
	GlobalSection(SolutionProperties) = preSolution
		HideSolutionNode = FALSE
	EndGlobalSection
	GlobalSection(ExtensibilityGlobals) = postSolution
		SolutionGuid = {1F1F2711-6721-46C1-8F9C-2A5AFC2DE286}
	EndGlobalSection
EndGlobal
