
Microsoft Visual Studio Solution File, Format Version 12.00
# Visual Studio Version 17
VisualStudioVersion = 17.7.34202.233
MinimumVisualStudioVersion = 10.0.40219.1
Project("{FAE04EC0-301F-11D3-BF4B-00C04F79EFBC}") = "CollegeManagementSystem", "CollegeManagementSystem\CollegeManagementSystem.csproj", "{28FD3599-CB30-4D8E-98AC-6511B6F26021}"
EndProject
Project("{00D1A9C2-B5F0-4AF3-8072-F6C62B433612}") = "College", "College\College.sqlproj", "{A38D2376-3B96-4A43-89F7-4EE7D93377D0}"
EndProject
Global
	GlobalSection(SolutionConfigurationPlatforms) = preSolution
		Debug|Any CPU = Debug|Any CPU
		Release|Any CPU = Release|Any CPU
	EndGlobalSection
	GlobalSection(ProjectConfigurationPlatforms) = postSolution
		{28FD3599-CB30-4D8E-98AC-6511B6F26021}.Debug|Any CPU.ActiveCfg = Debug|Any CPU
		{28FD3599-CB30-4D8E-98AC-6511B6F26021}.Debug|Any CPU.Build.0 = Debug|Any CPU
		{28FD3599-CB30-4D8E-98AC-6511B6F26021}.Release|Any CPU.ActiveCfg = Release|Any CPU
		{28FD3599-CB30-4D8E-98AC-6511B6F26021}.Release|Any CPU.Build.0 = Release|Any CPU
		{A38D2376-3B96-4A43-89F7-4EE7D93377D0}.Debug|Any CPU.ActiveCfg = Debug|Any CPU
		{A38D2376-3B96-4A43-89F7-4EE7D93377D0}.Debug|Any CPU.Build.0 = Debug|Any CPU
		{A38D2376-3B96-4A43-89F7-4EE7D93377D0}.Debug|Any CPU.Deploy.0 = Debug|Any CPU
		{A38D2376-3B96-4A43-89F7-4EE7D93377D0}.Release|Any CPU.ActiveCfg = Release|Any CPU
		{A38D2376-3B96-4A43-89F7-4EE7D93377D0}.Release|Any CPU.Build.0 = Release|Any CPU
		{A38D2376-3B96-4A43-89F7-4EE7D93377D0}.Release|Any CPU.Deploy.0 = Release|Any CPU
	EndGlobalSection
	GlobalSection(SolutionProperties) = preSolution
		HideSolutionNode = FALSE
	EndGlobalSection
	GlobalSection(ExtensibilityGlobals) = postSolution
		SolutionGuid = {1F1F2711-6721-46C1-8F9C-2A5AFC2DE286}
	EndGlobalSection
EndGlobal
